{
  "name": "surf-backend",
  "version": "1.0.0",
  "lockfileVersion": 3,
  "requires": true,
  "packages": {
    "": {
      "name": "backend",
      "version": "1.0.0",
      "license": "ISC",
      "dependencies": {
        "@prisma/client": "^6.15.0",
        "bcrypt": "^6.0.0",
        "cors": "^2.8.5",
        "dotenv": "^17.2.1",
        "express": "^5.1.0",
        "jsonwebtoken": "^9.0.2",
        "node-fetch": "^3.3.2",
        "pg": "^8.16.3",
        "prisma": "^6.15.0"
      },
      "devDependencies": {
        "@types/bcrypt": "^6.0.0",
        "@types/jsonwebtoken": "^9.0.10",
        "cross-env": "^10.0.0"
      }
    },
    "node_modules/@epic-web/invariant": {
      "version": "1.0.0",
      "resolved": "https://registry.npmjs.org/@epic-web/invariant/-/invariant-1.0.0.tgz",
      "integrity": "sha512-lrTPqgvfFQtR/eY/qkIzp98OGdNJu0m5ji3q/nJI8v3SXkRKEnWiOxMmbvcSoAIzv/cGiuvRy57k4suKQSAdwA==",
      "dev": true,
      "license": "MIT"
    },
    "node_modules/@prisma/client": {
      "version": "6.15.0",
      "resolved": "https://registry.npmjs.org/@prisma/client/-/client-6.15.0.tgz",
      "integrity": "sha512-wR2LXUbOH4cL/WToatI/Y2c7uzni76oNFND7+23ypLlBmIS8e3ZHhO+nud9iXSXKFt1SoM3fTZvHawg63emZw==",
      "hasInstallScript": true,
      "license": "Apache-2.0",
      "engines": {
        "node": ">=18.18"
      },
      "peerDependencies": {
        "prisma": "*",
        "typescript": ">=5.1.0"
      },
      "peerDependenciesMeta": {
        "prisma": {
          "optional": true
        },
        "typescript": {
          "optional": true
        }
      }
    },
    "node_modules/@prisma/config": {
      "version": "6.15.0",
      "resolved": "https://registry.npmjs.org/@prisma/config/-/config-6.15.0.tgz",
      "integrity": "sha512-KMEoec9b2u6zX0EbSEx/dRpx1oNLjqJEBZYyK0S3TTIbZ7GEGoVyGyFRk4C72+A38cuPLbfQGQvgOD+gBErKlA==",
      "license": "Apache-2.0",
      "dependencies": {
        "c12": "3.1.0",
        "deepmerge-ts": "7.1.5",
        "effect": "3.16.12",
        "empathic": "2.0.0"
      }
    },
    "node_modules/@prisma/debug": {
      "version": "6.15.0",
      "resolved": "https://registry.npmjs.org/@prisma/debug/-/debug-6.15.0.tgz",
      "integrity": "sha512-y7cSeLuQmyt+A3hstAs6tsuAiVXSnw9T55ra77z0nbNkA8Lcq9rNcQg6PI00by/+WnE/aMRJ/W7sZWn2cgIy1g==",
      "license": "Apache-2.0"
    },
    "node_modules/@prisma/engines": {
      "version": "6.15.0",
      "resolved": "https://registry.npmjs.org/@prisma/engines/-/engines-6.15.0.tgz",
      "integrity": "sha512-opITiR5ddFJ1N2iqa7mkRlohCZqVSsHhRcc29QXeldMljOf4FSellLT0J5goVb64EzRTKcIDeIsJBgmilNcKxA==",
      "hasInstallScript": true,
      "license": "Apache-2.0",
      "dependencies": {
        "@prisma/debug": "6.15.0",
        "@prisma/engines-version": "6.15.0-5.85179d7826409ee107a6ba334b5e305ae3fba9fb",
        "@prisma/fetch-engine": "6.15.0",
        "@prisma/get-platform": "6.15.0"
      }
    },
    "node_modules/@prisma/engines-version": {
      "version": "6.15.0-5.85179d7826409ee107a6ba334b5e305ae3fba9fb",
      "resolved": "https://registry.npmjs.org/@prisma/engines-version/-/engines-version-6.15.0-5.85179d7826409ee107a6ba334b5e305ae3fba9fb.tgz",
      "integrity": "sha512-a/46aK5j6L3ePwilZYEgYDPrhBQ/n4gYjLxT5YncUTJJNRnTCVjPF86QdzUOLRdYjCLfhtZp9aum90W0J+trrg==",
      "license": "Apache-2.0"
    },
    "node_modules/@prisma/fetch-engine": {
      "version": "6.15.0",
      "resolved": "https://registry.npmjs.org/@prisma/fetch-engine/-/fetch-engine-6.15.0.tgz",
      "integrity": "sha512-xcT5f6b+OWBq6vTUnRCc7qL+Im570CtwvgSj+0MTSGA1o9UDSKZ/WANvwtiRXdbYWECpyC3CukoG3A04VTAPHw==",
      "license": "Apache-2.0",
      "dependencies": {
        "@prisma/debug": "6.15.0",
        "@prisma/engines-version": "6.15.0-5.85179d7826409ee107a6ba334b5e305ae3fba9fb",
        "@prisma/get-platform": "6.15.0"
      }
    },
    "node_modules/@prisma/get-platform": {
      "version": "6.15.0",
      "resolved": "https://registry.npmjs.org/@prisma/get-platform/-/get-platform-6.15.0.tgz",
      "integrity": "sha512-Jbb+Xbxyp05NSR1x2epabetHiXvpO8tdN2YNoWoA/ZsbYyxxu/CO/ROBauIFuMXs3Ti+W7N7SJtWsHGaWte9Rg==",
      "license": "Apache-2.0",
      "dependencies": {
        "@prisma/debug": "6.15.0"
      }
    },
    "node_modules/@standard-schema/spec": {
      "version": "1.0.0",
      "resolved": "https://registry.npmjs.org/@standard-schema/spec/-/spec-1.0.0.tgz",
      "integrity": "sha512-m2bOd0f2RT9k8QJx1JN85cZYyH1RqFBdlwtkSlf4tBDYLCiiZnv1fIIwacK6cqwXavOydf0NPToMQgpKq+dVlA==",
      "license": "MIT"
    },
    "node_modules/@types/bcrypt": {
      "version": "6.0.0",
      "resolved": "https://registry.npmjs.org/@types/bcrypt/-/bcrypt-6.0.0.tgz",
      "integrity": "sha512-/oJGukuH3D2+D+3H4JWLaAsJ/ji86dhRidzZ/Od7H/i8g+aCmvkeCc6Ni/f9uxGLSQVCRZkX2/lqEFG2BvWtlQ==",
      "dev": true,
      "license": "MIT",
      "dependencies": {
        "@types/node": "*"
      }
    },
    "node_modules/@types/jsonwebtoken": {
      "version": "9.0.10",
      "resolved": "https://registry.npmjs.org/@types/jsonwebtoken/-/jsonwebtoken-9.0.10.tgz",
      "integrity": "sha512-asx5hIG9Qmf/1oStypjanR7iKTv0gXQ1Ov/jfrX6kS/EO0OFni8orbmGCn0672NHR3kXHwpAwR+B368ZGN/2rA==",
      "dev": true,
      "license": "MIT",
      "dependencies": {
        "@types/ms": "*",
        "@types/node": "*"
      }
    },
    "node_modules/@types/ms": {
      "version": "2.1.0",
      "resolved": "https://registry.npmjs.org/@types/ms/-/ms-2.1.0.tgz",
      "integrity": "sha512-GsCCIZDE/p3i96vtEqx+7dBUGXrc7zeSK3wwPHIaRThS+9OhWIXRqzs4d6k1SVU8g91DrNRWxWUGhp5KXQb2VA==",
      "dev": true,
      "license": "MIT"
    },
    "node_modules/@types/node": {
      "version": "24.3.0",
      "resolved": "https://registry.npmjs.org/@types/node/-/node-24.3.0.tgz",
      "integrity": "sha512-aPTXCrfwnDLj4VvXrm+UUCQjNEvJgNA8s5F1cvwQU+3KNltTOkBm1j30uNLyqqPNe7gE3KFzImYoZEfLhp4Yow==",
      "dev": true,
      "license": "MIT",
      "dependencies": {
        "undici-types": "~7.10.0"
      }
    },
    "node_modules/accepts": {
      "version": "2.0.0",
      "resolved": "https://registry.npmjs.org/accepts/-/accepts-2.0.0.tgz",
      "integrity": "sha512-5cvg6CtKwfgdmVqY1WIiXKc3Q1bkRqGLi+2W/6ao+6Y7gu/RCwRuAhGEzh5B4KlszSuTLgZYuqFqo5bImjNKng==",
      "license": "MIT",
      "dependencies": {
        "mime-types": "^3.0.0",
        "negotiator": "^1.0.0"
      },
      "engines": {
        "node": ">= 0.6"
      }
    },
    "node_modules/bcrypt": {
      "version": "6.0.0",
      "resolved": "https://registry.npmjs.org/bcrypt/-/bcrypt-6.0.0.tgz",
      "integrity": "sha512-cU8v/EGSrnH+HnxV2z0J7/blxH8gq7Xh2JFT6Aroax7UohdmiJJlxApMxtKfuI7z68NvvVcmR78k2LbT6efhRg==",
      "hasInstallScript": true,
      "license": "MIT",
      "dependencies": {
        "node-addon-api": "^8.3.0",
        "node-gyp-build": "^4.8.4"
      },
      "engines": {
        "node": ">= 18"
      }
    },
    "node_modules/cross-spawn": {
      "version": "7.0.6",
      "resolved": "https://registry.npmjs.org/cross-spawn/-/cross-spawn-7.0.6.tgz",
      "integrity": "sha512-uV2QOWP2nWzsy2aMp8aRibhi9dlzF5Hgh5SHaB9OiTGEyDTiJJyx0uy51QXdyWbtAHNua4XJzUKca3OzKUd3vA==",
      "dev": true,
      "license": "MIT",
      "dependencies": {
        "path-key": "^3.1.0",
        "shebang-command": "^2.0.0",
        "which": "^2.0.1"
      },
      "engines": {
        "node": ">= 8"
      }
    },
    "node_modules/which": {
      "version": "2.0.2",
      "resolved": "https://registry.npmjs.org/which/-/which-2.0.2.tgz",
      "integrity": "sha512-BLI3Tl1TW3Pvl70l3yq3Y64i+awpwXqsGBYWkkqMtnbXgrMD+yj7rhW0kuEDxzJaYXGjEW5ogapKNMEKNMjibA==",
      "dev": true,
      "license": "ISC",
      "dependencies": {
        "isexe": "^2.0.0"
      },
      "bin": {
        "node-which": "bin/node-which"
      },
      "engines": {
        "node": ">=8"
      }
    },
    "node_modules/node-addon-api": {
      "version": "8.5.0",
      "resolved": "https://registry.npmjs.org/node-addon-api/-/node-addon-api-8.5.0.tgz",
      "integrity": "sha512-/bRZty2mXUIFY/xU5HLvveNHlswNJej+RnxBjOMkidWfwZzgTbPG1E3K5TOxRLOR+5hX7bSofy8yf1hZevMS8A==",
      "license": "MIT",
      "engines": {
        "node": "^18 || ^20 || >= 21"
      }
    }
  }
}